
Microsoft Visual Studio Solution File, Format Version 12.00
# Visual Studio Version 17
VisualStudioVersion = 17.6.33723.286
MinimumVisualStudioVersion = 10.0.40219.1
Project("{FAE04EC0-301F-11D3-BF4B-00C04F79EFBC}") = "Cou", "Cou\Cou.csproj", "{B1358ABD-4C3F-4416-B0EE-A09B7A0E0D23}"
EndProject
Global
	GlobalSection(SolutionConfigurationPlatforms) = preSolution
		Debug|Any CPU = Debug|Any CPU
		Release|Any CPU = Release|Any CPU
	EndGlobalSection
	GlobalSection(ProjectConfigurationPlatforms) = postSolution
		{B1358ABD-4C3F-4416-B0EE-A09B7A0E0D23}.Debug|Any CPU.ActiveCfg = Debug|Any CPU
		{B1358ABD-4C3F-4416-B0EE-A09B7A0E0D23}.Debug|Any CPU.Build.0 = Debug|Any CPU
		{B1358ABD-4C3F-4416-B0EE-A09B7A0E0D23}.Release|Any CPU.ActiveCfg = Release|Any CPU
		{B1358ABD-4C3F-4416-B0EE-A09B7A0E0D23}.Release|Any CPU.Build.0 = Release|Any CPU
	EndGlobalSection
	GlobalSection(SolutionProperties) = preSolution
		HideSolutionNode = FALSE
	EndGlobalSection
	GlobalSection(ExtensibilityGlobals) = postSolution
		SolutionGuid = {849EAB2F-ABC3-40B5-9349-2F38798CA36E}
	EndGlobalSection
EndGlobal
